
Microsoft Visual Studio Solution File, Format Version 12.00
# Visual Studio 15
VisualStudioVersion = 15.0.28010.2026
MinimumVisualStudioVersion = 10.0.40219.1
Project("{FAE04EC0-301F-11D3-BF4B-00C04F79EFBC}") = "UnitTestProject1", "UnitTestProject1\UnitTestProject1.csproj", "{F9BA4B0F-1BC4-4EAD-861B-00914CD6CE58}"
EndProject
Global
	GlobalSection(SolutionConfigurationPlatforms) = preSolution
		Debug|Any CPU = Debug|Any CPU
		Release|Any CPU = Release|Any CPU
	EndGlobalSection
	GlobalSection(ProjectConfigurationPlatforms) = postSolution
		{F9BA4B0F-1BC4-4EAD-861B-00914CD6CE58}.Debug|Any CPU.ActiveCfg = Debug|Any CPU
		{F9BA4B0F-1BC4-4EAD-861B-00914CD6CE58}.Debug|Any CPU.Build.0 = Debug|Any CPU
		{F9BA4B0F-1BC4-4EAD-861B-00914CD6CE58}.Release|Any CPU.ActiveCfg = Release|Any CPU
		{F9BA4B0F-1BC4-4EAD-861B-00914CD6CE58}.Release|Any CPU.Build.0 = Release|Any CPU
	EndGlobalSection
	GlobalSection(SolutionProperties) = preSolution
		HideSolutionNode = FALSE
	EndGlobalSection
	GlobalSection(ExtensibilityGlobals) = postSolution
		SolutionGuid = {FA98969C-A482-4927-A02F-6AE115349B69}
	EndGlobalSection
EndGlobal
